// !$*UTF8*$!
{
	archiveVersion = 1;
	classes = {
	};
	objectVersion = 56;
	objects = {

/* Begin PBXBuildFile section */
		B54D22CF2C9DB7B70042F783 /* TableViewCell.swift in Sources */ = {isa = PBXBuildFile; fileRef = B54D22CE2C9DB7B70042F783 /* TableViewCell.swift */; };
		B5732A3D2C98C06B00C1274E /* AppDelegate.swift in Sources */ = {isa = PBXBuildFile; fileRef = B5732A3C2C98C06B00C1274E /* AppDelegate.swift */; };
		B5732A3F2C98C06B00C1274E /* SceneDelegate.swift in Sources */ = {isa = PBXBuildFile; fileRef = B5732A3E2C98C06B00C1274E /* SceneDelegate.swift */; };
		B5732A462C98C06C00C1274E /* Assets.xcassets in Resources */ = {isa = PBXBuildFile; fileRef = B5732A452C98C06C00C1274E /* Assets.xcassets */; };
		B5732A492C98C06C00C1274E /* Base in Resources */ = {isa = PBXBuildFile; fileRef = B5732A482C98C06C00C1274E /* Base */; };
		B5732A512C98C0CB00C1274E /* MainVC.swift in Sources */ = {isa = PBXBuildFile; fileRef = B5732A502C98C0CB00C1274E /* MainVC.swift */; };
		B5732A532C98C0E300C1274E /* ViewModel.swift in Sources */ = {isa = PBXBuildFile; fileRef = B5732A522C98C0E300C1274E /* ViewModel.swift */; };
		B5732A552C98C0EB00C1274E /* Model.swift in Sources */ = {isa = PBXBuildFile; fileRef = B5732A542C98C0EB00C1274E /* Model.swift */; };
		B58889492CA1551400760E97 /* DetailVC.swift in Sources */ = {isa = PBXBuildFile; fileRef = B58889482CA1551400760E97 /* DetailVC.swift */; };
/* End PBXBuildFile section */

/* Begin PBXFileReference section */
		B54D22CE2C9DB7B70042F783 /* TableViewCell.swift */ = {isa = PBXFileReference; lastKnownFileType = sourcecode.swift; path = TableViewCell.swift; sourceTree = "<group>"; };
		B5732A392C98C06B00C1274E /* CryptoCheck.app */ = {isa = PBXFileReference; explicitFileType = wrapper.application; includeInIndex = 0; path = CryptoCheck.app; sourceTree = BUILT_PRODUCTS_DIR; };
		B5732A3C2C98C06B00C1274E /* AppDelegate.swift */ = {isa = PBXFileReference; lastKnownFileType = sourcecode.swift; path = AppDelegate.swift; sourceTree = "<group>"; };
		B5732A3E2C98C06B00C1274E /* SceneDelegate.swift */ = {isa = PBXFileReference; lastKnownFileType = sourcecode.swift; path = SceneDelegate.swift; sourceTree = "<group>"; };
		B5732A452C98C06C00C1274E /* Assets.xcassets */ = {isa = PBXFileReference; lastKnownFileType = folder.assetcatalog; path = Assets.xcassets; sourceTree = "<group>"; };
		B5732A482C98C06C00C1274E /* Base */ = {isa = PBXFileReference; lastKnownFileType = file.storyboard; name = Base; path = Base.lproj/LaunchScreen.storyboard; sourceTree = "<group>"; };
		B5732A4A2C98C06C00C1274E /* Info.plist */ = {isa = PBXFileReference; lastKnownFileType = text.plist.xml; path = Info.plist; sourceTree = "<group>"; };
		B5732A502C98C0CB00C1274E /* MainVC.swift */ = {isa = PBXFileReference; lastKnownFileType = sourcecode.swift; path = MainVC.swift; sourceTree = "<group>"; };
		B5732A522C98C0E300C1274E /* ViewModel.swift */ = {isa = PBXFileReference; lastKnownFileType = sourcecode.swift; path = ViewModel.swift; sourceTree = "<group>"; };
		B5732A542C98C0EB00C1274E /* Model.swift */ = {isa = PBXFileReference; lastKnownFileType = sourcecode.swift; path = Model.swift; sourceTree = "<group>"; };
		B58889482CA1551400760E97 /* DetailVC.swift */ = {isa = PBXFileReference; lastKnownFileType = sourcecode.swift; path = DetailVC.swift; sourceTree = "<group>"; };
/* End PBXFileReference section */

/* Begin PBXFrameworksBuildPhase section */
		B5732A362C98C06B00C1274E /* Frameworks */ = {
			isa = PBXFrameworksBuildPhase;
			buildActionMask = 2147483647;
			files = (
			);
			runOnlyForDeploymentPostprocessing = 0;
		};
/* End PBXFrameworksBuildPhase section */

/* Begin PBXGroup section */
		B5732A302C98C06B00C1274E = {
			isa = PBXGroup;
			children = (
				B5732A3B2C98C06B00C1274E /* CryptoCheck */,
				B5732A3A2C98C06B00C1274E /* Products */,
			);
			sourceTree = "<group>";
		};
		B5732A3A2C98C06B00C1274E /* Products */ = {
			isa = PBXGroup;
			children = (
				B5732A392C98C06B00C1274E /* CryptoCheck.app */,
			);
			name = Products;
			sourceTree = "<group>";
		};
		B5732A3B2C98C06B00C1274E /* CryptoCheck */ = {
			isa = PBXGroup;
			children = (
				B5732A562C98C0F000C1274E /* Basic */,
				B5732A572C98C0FE00C1274E /* View */,
				B5732A582C98C10C00C1274E /* ViewModel */,
				B5732A592C98C11900C1274E /* Model */,
				B5732A4A2C98C06C00C1274E /* Info.plist */,
			);
			path = CryptoCheck;
			sourceTree = "<group>";
		};
		B5732A562C98C0F000C1274E /* Basic */ = {
			isa = PBXGroup;
			children = (
				B5732A3C2C98C06B00C1274E /* AppDelegate.swift */,
				B5732A3E2C98C06B00C1274E /* SceneDelegate.swift */,
				B5732A452C98C06C00C1274E /* Assets.xcassets */,
				B5732A472C98C06C00C1274E /* LaunchScreen.storyboard */,
			);
			path = Basic;
			sourceTree = "<group>";
		};
		B5732A572C98C0FE00C1274E /* View */ = {
			isa = PBXGroup;
			children = (
				B5732A502C98C0CB00C1274E /* MainVC.swift */,
				B54D22CE2C9DB7B70042F783 /* TableViewCell.swift */,
				B58889482CA1551400760E97 /* DetailVC.swift */,
			);
			path = View;
			sourceTree = "<group>";
		};
		B5732A582C98C10C00C1274E /* ViewModel */ = {
			isa = PBXGroup;
			children = (
				B5732A522C98C0E300C1274E /* ViewModel.swift */,
			);
			path = ViewModel;
			sourceTree = "<group>";
		};
		B5732A592C98C11900C1274E /* Model */ = {
			isa = PBXGroup;
			children = (
				B5732A542C98C0EB00C1274E /* Model.swift */,
			);
			path = Model;
			sourceTree = "<group>";
		};
/* End PBXGroup section */

/* Begin PBXNativeTarget section */
		B5732A382C98C06B00C1274E /* CryptoCheck */ = {
			isa = PBXNativeTarget;
			buildConfigurationList = B5732A4D2C98C06C00C1274E /* Build configuration list for PBXNativeTarget "CryptoCheck" */;
			buildPhases = (
				B5732A352C98C06B00C1274E /* Sources */,
				B5732A362C98C06B00C1274E /* Frameworks */,
				B5732A372C98C06B00C1274E /* Resources */,
			);
			buildRules = (
			);
			dependencies = (
			);
			name = CryptoCheck;
			productName = CryptoCheck;
			productReference = B5732A392C98C06B00C1274E /* CryptoCheck.app */;
			productType = "com.apple.product-type.application";
		};
/* End PBXNativeTarget section */

/* Begin PBXProject section */
		B5732A312C98C06B00C1274E /* Project object */ = {
			isa = PBXProject;
			attributes = {
				BuildIndependentTargetsInParallel = 1;
				LastSwiftUpdateCheck = 1540;
				LastUpgradeCheck = 1540;
				TargetAttributes = {
					B5732A382C98C06B00C1274E = {
						CreatedOnToolsVersion = 15.4;
					};
				};
			};
			buildConfigurationList = B5732A342C98C06B00C1274E /* Build configuration list for PBXProject "CryptoCheck" */;
			compatibilityVersion = "Xcode 14.0";
			developmentRegion = en;
			hasScannedForEncodings = 0;
			knownRegions = (
				en,
				Base,
			);
			mainGroup = B5732A302C98C06B00C1274E;
			productRefGroup = B5732A3A2C98C06B00C1274E /* Products */;
			projectDirPath = "";
			projectRoot = "";
			targets = (
				B5732A382C98C06B00C1274E /* CryptoCheck */,
			);
		};
/* End PBXProject section */

/* Begin PBXResourcesBuildPhase section */
		B5732A372C98C06B00C1274E /* Resources */ = {
			isa = PBXResourcesBuildPhase;
			buildActionMask = 2147483647;
			files = (
				B5732A462C98C06C00C1274E /* Assets.xcassets in Resources */,
				B5732A492C98C06C00C1274E /* Base in Resources */,
			);
			runOnlyForDeploymentPostprocessing = 0;
		};
/* End PBXResourcesBuildPhase section */

/* Begin PBXSourcesBuildPhase section */
		B5732A352C98C06B00C1274E /* Sources */ = {
			isa = PBXSourcesBuildPhase;
			buildActionMask = 2147483647;
			files = (
				B5732A552C98C0EB00C1274E /* Model.swift in Sources */,
				B5732A3D2C98C06B00C1274E /* AppDelegate.swift in Sources */,
				B5732A512C98C0CB00C1274E /* MainVC.swift in Sources */,
				B54D22CF2C9DB7B70042F783 /* TableViewCell.swift in Sources */,
				B5732A532C98C0E300C1274E /* ViewModel.swift in Sources */,
				B5732A3F2C98C06B00C1274E /* SceneDelegate.swift in Sources */,
				B58889492CA1551400760E97 /* DetailVC.swift in Sources */,
			);
			runOnlyForDeploymentPostprocessing = 0;
		};
/* End PBXSourcesBuildPhase section */

/* Begin PBXVariantGroup section */
		B5732A472C98C06C00C1274E /* LaunchScreen.storyboard */ = {
			isa = PBXVariantGroup;
			children = (
				B5732A482C98C06C00C1274E /* Base */,
			);
			name = LaunchScreen.storyboard;
			sourceTree = "<group>";
		};
/* End PBXVariantGroup section */

/* Begin XCBuildConfiguration section */
		B5732A4B2C98C06C00C1274E /* Debug */ = {
			isa = XCBuildConfiguration;
			buildSettings = {
				ALWAYS_SEARCH_USER_PATHS = NO;
				ASSETCATALOG_COMPILER_GENERATE_SWIFT_ASSET_SYMBOL_EXTENSIONS = YES;
				CLANG_ANALYZER_NONNULL = YES;
				CLANG_ANALYZER_NUMBER_OBJECT_CONVERSION = YES_AGGRESSIVE;
				CLANG_CXX_LANGUAGE_STANDARD = "gnu++20";
				CLANG_ENABLE_MODULES = YES;
				CLANG_ENABLE_OBJC_ARC = YES;
				CLANG_ENABLE_OBJC_WEAK = YES;
				CLANG_WARN_BLOCK_CAPTURE_AUTORELEASING = YES;
				CLANG_WARN_BOOL_CONVERSION = YES;
				CLANG_WARN_COMMA = YES;
				CLANG_WARN_CONSTANT_CONVERSION = YES;
				CLANG_WARN_DEPRECATED_OBJC_IMPLEMENTATIONS = YES;
				CLANG_WARN_DIRECT_OBJC_ISA_USAGE = YES_ERROR;
				CLANG_WARN_DOCUMENTATION_COMMENTS = YES;
				CLANG_WARN_EMPTY_BODY = YES;
				CLANG_WARN_ENUM_CONVERSION = YES;
				CLANG_WARN_INFINITE_RECURSION = YES;
				CLANG_WARN_INT_CONVERSION = YES;
				CLANG_WARN_NON_LITERAL_NULL_CONVERSION = YES;
				CLANG_WARN_OBJC_IMPLICIT_RETAIN_SELF = YES;
				CLANG_WARN_OBJC_LITERAL_CONVERSION = YES;
				CLANG_WARN_OBJC_ROOT_CLASS = YES_ERROR;
				CLANG_WARN_QUOTED_INCLUDE_IN_FRAMEWORK_HEADER = YES;
				CLANG_WARN_RANGE_LOOP_ANALYSIS = YES;
				CLANG_WARN_STRICT_PROTOTYPES = YES;
				CLANG_WARN_SUSPICIOUS_MOVE = YES;
				CLANG_WARN_UNGUARDED_AVAILABILITY = YES_AGGRESSIVE;
				CLANG_WARN_UNREACHABLE_CODE = YES;
				CLANG_WARN__DUPLICATE_METHOD_MATCH = YES;
				COPY_PHASE_STRIP = NO;
				DEBUG_INFORMATION_FORMAT = dwarf;
				ENABLE_STRICT_OBJC_MSGSEND = YES;
				ENABLE_TESTABILITY = YES;
				ENABLE_USER_SCRIPT_SANDBOXING = YES;
				GCC_C_LANGUAGE_STANDARD = gnu17;
				GCC_DYNAMIC_NO_PIC = NO;
				GCC_NO_COMMON_BLOCKS = YES;
				GCC_OPTIMIZATION_LEVEL = 0;
				GCC_PREPROCESSOR_DEFINITIONS = (
					"DEBUG=1",
					"$(inherited)",
				);
				GCC_WARN_64_TO_32_BIT_CONVERSION = YES;
				GCC_WARN_ABOUT_RETURN_TYPE = YES_ERROR;
				GCC_WARN_UNDECLARED_SELECTOR = YES;
				GCC_WARN_UNINITIALIZED_AUTOS = YES_AGGRESSIVE;
				GCC_WARN_UNUSED_FUNCTION = YES;
				GCC_WARN_UNUSED_VARIABLE = YES;
				IPHONEOS_DEPLOYMENT_TARGET = 17.5;
				LOCALIZATION_PREFERS_STRING_CATALOGS = YES;
				MTL_ENABLE_DEBUG_INFO = INCLUDE_SOURCE;
				MTL_FAST_MATH = YES;
				ONLY_ACTIVE_ARCH = YES;
				SDKROOT = iphoneos;
				SWIFT_ACTIVE_COMPILATION_CONDITIONS = "DEBUG $(inherited)";
				SWIFT_OPTIMIZATION_LEVEL = "-Onone";
			};
			name = Debug;
		};
		B5732A4C2C98C06C00C1274E /* Release */ = {
			isa = XCBuildConfiguration;
			buildSettings = {
				ALWAYS_SEARCH_USER_PATHS = NO;
				ASSETCATALOG_COMPILER_GENERATE_SWIFT_ASSET_SYMBOL_EXTENSIONS = YES;
				CLANG_ANALYZER_NONNULL = YES;
				CLANG_ANALYZER_NUMBER_OBJECT_CONVERSION = YES_AGGRESSIVE;
				CLANG_CXX_LANGUAGE_STANDARD = "gnu++20";
				CLANG_ENABLE_MODULES = YES;
				CLANG_ENABLE_OBJC_ARC = YES;
				CLANG_ENABLE_OBJC_WEAK = YES;
				CLANG_WARN_BLOCK_CAPTURE_AUTORELEASING = YES;
				CLANG_WARN_BOOL_CONVERSION = YES;
				CLANG_WARN_COMMA = YES;
				CLANG_WARN_CONSTANT_CONVERSION = YES;
				CLANG_WARN_DEPRECATED_OBJC_IMPLEMENTATIONS = YES;
				CLANG_WARN_DIRECT_OBJC_ISA_USAGE = YES_ERROR;
				CLANG_WARN_DOCUMENTATION_COMMENTS = YES;
				CLANG_WARN_EMPTY_BODY = YES;
				CLANG_WARN_ENUM_CONVERSION = YES;
				CLANG_WARN_INFINITE_RECURSION = YES;
				CLANG_WARN_INT_CONVERSION = YES;
				CLANG_WARN_NON_LITERAL_NULL_CONVERSION = YES;
				CLANG_WARN_OBJC_IMPLICIT_RETAIN_SELF = YES;
				CLANG_WARN_OBJC_LITERAL_CONVERSION = YES;
				CLANG_WARN_OBJC_ROOT_CLASS = YES_ERROR;
				CLANG_WARN_QUOTED_INCLUDE_IN_FRAMEWORK_HEADER = YES;
				CLANG_WARN_RANGE_LOOP_ANALYSIS = YES;
				CLANG_WARN_STRICT_PROTOTYPES = YES;
				CLANG_WARN_SUSPICIOUS_MOVE = YES;
				CLANG_WARN_UNGUARDED_AVAILABILITY = YES_AGGRESSIVE;
				CLANG_WARN_UNREACHABLE_CODE = YES;
				CLANG_WARN__DUPLICATE_METHOD_MATCH = YES;
				COPY_PHASE_STRIP = NO;
				DEBUG_INFORMATION_FORMAT = "dwarf-with-dsym";
				ENABLE_NS_ASSERTIONS = NO;
				ENABLE_STRICT_OBJC_MSGSEND = YES;
				ENABLE_USER_SCRIPT_SANDBOXING = YES;
				GCC_C_LANGUAGE_STANDARD = gnu17;
				GCC_NO_COMMON_BLOCKS = YES;
				GCC_WARN_64_TO_32_BIT_CONVERSION = YES;
				GCC_WARN_ABOUT_RETURN_TYPE = YES_ERROR;
				GCC_WARN_UNDECLARED_SELECTOR = YES;
				GCC_WARN_UNINITIALIZED_AUTOS = YES_AGGRESSIVE;
				GCC_WARN_UNUSED_FUNCTION = YES;
				GCC_WARN_UNUSED_VARIABLE = YES;
				IPHONEOS_DEPLOYMENT_TARGET = 17.5;
				LOCALIZATION_PREFERS_STRING_CATALOGS = YES;
				MTL_ENABLE_DEBUG_INFO = NO;
				MTL_FAST_MATH = YES;
				SDKROOT = iphoneos;
				SWIFT_COMPILATION_MODE = wholemodule;
				VALIDATE_PRODUCT = YES;
			};
			name = Release;
		};
		B5732A4E2C98C06C00C1274E /* Debug */ = {
			isa = XCBuildConfiguration;
			buildSettings = {
				ASSETCATALOG_COMPILER_APPICON_NAME = AppIcon;
				ASSETCATALOG_COMPILER_GLOBAL_ACCENT_COLOR_NAME = AccentColor;
				CODE_SIGN_STYLE = Automatic;
				CURRENT_PROJECT_VERSION = 1;
				DEVELOPMENT_TEAM = WC69LH94UF;
				GENERATE_INFOPLIST_FILE = YES;
				INFOPLIST_FILE = CryptoCheck/Info.plist;
				INFOPLIST_KEY_UIApplicationSupportsIndirectInputEvents = YES;
				INFOPLIST_KEY_UILaunchStoryboardName = LaunchScreen;
				INFOPLIST_KEY_UISupportedInterfaceOrientations = UIInterfaceOrientationPortrait;
				INFOPLIST_KEY_UISupportedInterfaceOrientations_iPad = "UIInterfaceOrientationLandscapeLeft UIInterfaceOrientationLandscapeRight UIInterfaceOrientationPortrait UIInterfaceOrientationPortraitUpsideDown";
				IPHONEOS_DEPLOYMENT_TARGET = 17.0;
				LD_RUNPATH_SEARCH_PATHS = (
					"$(inherited)",
					"@executable_path/Frameworks",
				);
				MARKETING_VERSION = 1.0;
				PRODUCT_BUNDLE_IDENTIFIER = cherniakovahanna.CryptoCheck;
				PRODUCT_NAME = "$(TARGET_NAME)";
				SUPPORTED_PLATFORMS = "iphoneos iphonesimulator";
				SUPPORTS_MACCATALYST = NO;
				SUPPORTS_MAC_DESIGNED_FOR_IPHONE_IPAD = NO;
				SUPPORTS_XR_DESIGNED_FOR_IPHONE_IPAD = NO;
				SWIFT_EMIT_LOC_STRINGS = YES;
				SWIFT_VERSION = 5.0;
				TARGETED_DEVICE_FAMILY = 1;
			};
			name = Debug;
		};
		B5732A4F2C98C06C00C1274E /* Release */ = {
			isa = XCBuildConfiguration;
			buildSettings = {
				ASSETCATALOG_COMPILER_APPICON_NAME = AppIcon;
				ASSETCATALOG_COMPILER_GLOBAL_ACCENT_COLOR_NAME = AccentColor;
				CODE_SIGN_STYLE = Automatic;
				CURRENT_PROJECT_VERSION = 1;
				DEVELOPMENT_TEAM = WC69LH94UF;
				GENERATE_INFOPLIST_FILE = YES;
				INFOPLIST_FILE = CryptoCheck/Info.plist;
				INFOPLIST_KEY_UIApplicationSupportsIndirectInputEvents = YES;
				INFOPLIST_KEY_UILaunchStoryboardName = LaunchScreen;
				INFOPLIST_KEY_UISupportedInterfaceOrientations = UIInterfaceOrientationPortrait;
				INFOPLIST_KEY_UISupportedInterfaceOrientations_iPad = "UIInterfaceOrientationLandscapeLeft UIInterfaceOrientationLandscapeRight UIInterfaceOrientationPortrait UIInterfaceOrientationPortraitUpsideDown";
				IPHONEOS_DEPLOYMENT_TARGET = 17.0;
				LD_RUNPATH_SEARCH_PATHS = (
					"$(inherited)",
					"@executable_path/Frameworks",
				);
				MARKETING_VERSION = 1.0;
				PRODUCT_BUNDLE_IDENTIFIER = cherniakovahanna.CryptoCheck;
				PRODUCT_NAME = "$(TARGET_NAME)";
				SUPPORTED_PLATFORMS = "iphoneos iphonesimulator";
				SUPPORTS_MACCATALYST = NO;
				SUPPORTS_MAC_DESIGNED_FOR_IPHONE_IPAD = NO;
				SUPPORTS_XR_DESIGNED_FOR_IPHONE_IPAD = NO;
				SWIFT_EMIT_LOC_STRINGS = YES;
				SWIFT_VERSION = 5.0;
				TARGETED_DEVICE_FAMILY = 1;
			};
			name = Release;
		};
/* End XCBuildConfiguration section */

/* Begin XCConfigurationList section */
		B5732A342C98C06B00C1274E /* Build configuration list for PBXProject "CryptoCheck" */ = {
			isa = XCConfigurationList;
			buildConfigurations = (
				B5732A4B2C98C06C00C1274E /* Debug */,
				B5732A4C2C98C06C00C1274E /* Release */,
			);
			defaultConfigurationIsVisible = 0;
			defaultConfigurationName = Release;
		};
		B5732A4D2C98C06C00C1274E /* Build configuration list for PBXNativeTarget "CryptoCheck" */ = {
			isa = XCConfigurationList;
			buildConfigurations = (
				B5732A4E2C98C06C00C1274E /* Debug */,
				B5732A4F2C98C06C00C1274E /* Release */,
			);
			defaultConfigurationIsVisible = 0;
			defaultConfigurationName = Release;
		};
/* End XCConfigurationList section */
	};
	rootObject = B5732A312C98C06B00C1274E /* Project object */;
}
